
Microsoft Visual Studio Solution File, Format Version 12.00
# Visual Studio Version 17
VisualStudioVersion = 17.8.34330.188
MinimumVisualStudioVersion = 10.0.40219.1
Project("{FAE04EC0-301F-11D3-BF4B-00C04F79EFBC}") = "LogInn", "LogInn\LogInn.csproj", "{5D49D862-FCB8-42AC-962D-6CD47ED50D4B}"
EndProject
Global
	GlobalSection(SolutionConfigurationPlatforms) = preSolution
		Debug|Any CPU = Debug|Any CPU
		Release|Any CPU = Release|Any CPU
	EndGlobalSection
	GlobalSection(ProjectConfigurationPlatforms) = postSolution
		{5D49D862-FCB8-42AC-962D-6CD47ED50D4B}.Debug|Any CPU.ActiveCfg = Debug|Any CPU
		{5D49D862-FCB8-42AC-962D-6CD47ED50D4B}.Debug|Any CPU.Build.0 = Debug|Any CPU
		{5D49D862-FCB8-42AC-962D-6CD47ED50D4B}.Release|Any CPU.ActiveCfg = Release|Any CPU
		{5D49D862-FCB8-42AC-962D-6CD47ED50D4B}.Release|Any CPU.Build.0 = Release|Any CPU
	EndGlobalSection
	GlobalSection(SolutionProperties) = preSolution
		HideSolutionNode = FALSE
	EndGlobalSection
	GlobalSection(ExtensibilityGlobals) = postSolution
		SolutionGuid = {BF6636E9-F70B-4BE9-9A6A-B0F72B03C73E}
	EndGlobalSection
EndGlobal
